{
  "name": "logtick",
  "version": "1.0.0",
  "lockfileVersion": 1,
  "requires": true,
  "dependencies": {
    "tsharp": {
      "version": "1.5.0",
      "resolved": "https://registry.npmjs.org/tsharp/-/tsharp-1.5.0.tgz",
      "integrity": "sha512-0qE4a9rIQqHGT2DXivNPE5jaXjDn/u5Lp/28LCjB7tvqLBZZgQPIIgrppi6eYqY530J6nS/cEj5i+Y6Ld0x0+g=="
    },
    "typescript": {
      "version": "3.4.1",
      "resolved": "https://registry.npmjs.org/typescript/-/typescript-3.4.1.tgz",
      "integrity": "sha512-3NSMb2VzDQm8oBTLH6Nj55VVtUEpe/rgkIzMir0qVoLyjDZlnMBva0U6vDiV3IH+sl/Yu6oP5QwsAQtHPmDd2Q==",
      "dev": true
    }
  }
}
